
Microsoft Visual Studio Solution File, Format Version 12.00
# Visual Studio Version 17
VisualStudioVersion = 17.0.31903.59
MinimumVisualStudioVersion = 10.0.40219.1
Project("{FAE04EC0-301F-11D3-BF4B-00C04F79EFBC}") = "Vbodlaci.Web", "Vbodlaci.Web\Vbodlaci.Web.csproj", "{5A271502-1C08-4D42-88BA-BEA7646A159F}"
EndProject
Project("{FAE04EC0-301F-11D3-BF4B-00C04F79EFBC}") = "Vbodlaci.Web.Tests", "Vbodlaci.Web.Tests\Vbodlaci.Web.Tests.csproj", "{9DB831BE-0E35-459D-AFA4-A14533E2A99A}"
EndProject
Global
	GlobalSection(SolutionConfigurationPlatforms) = preSolution
		Debug|Any CPU = Debug|Any CPU
		Debug|x64 = Debug|x64
		Debug|x86 = Debug|x86
		Release|Any CPU = Release|Any CPU
		Release|x64 = Release|x64
		Release|x86 = Release|x86
	EndGlobalSection
	GlobalSection(ProjectConfigurationPlatforms) = postSolution
		{5A271502-1C08-4D42-88BA-BEA7646A159F}.Debug|Any CPU.ActiveCfg = Debug|Any CPU
		{5A271502-1C08-4D42-88BA-BEA7646A159F}.Debug|Any CPU.Build.0 = Debug|Any CPU
		{5A271502-1C08-4D42-88BA-BEA7646A159F}.Debug|x64.ActiveCfg = Debug|Any CPU
		{5A271502-1C08-4D42-88BA-BEA7646A159F}.Debug|x64.Build.0 = Debug|Any CPU
		{5A271502-1C08-4D42-88BA-BEA7646A159F}.Debug|x86.ActiveCfg = Debug|Any CPU
		{5A271502-1C08-4D42-88BA-BEA7646A159F}.Debug|x86.Build.0 = Debug|Any CPU
		{5A271502-1C08-4D42-88BA-BEA7646A159F}.Release|Any CPU.ActiveCfg = Release|Any CPU
		{5A271502-1C08-4D42-88BA-BEA7646A159F}.Release|Any CPU.Build.0 = Release|Any CPU
		{5A271502-1C08-4D42-88BA-BEA7646A159F}.Release|x64.ActiveCfg = Release|Any CPU
		{5A271502-1C08-4D42-88BA-BEA7646A159F}.Release|x64.Build.0 = Release|Any CPU
		{5A271502-1C08-4D42-88BA-BEA7646A159F}.Release|x86.ActiveCfg = Release|Any CPU
		{5A271502-1C08-4D42-88BA-BEA7646A159F}.Release|x86.Build.0 = Release|Any CPU
		{9DB831BE-0E35-459D-AFA4-A14533E2A99A}.Debug|Any CPU.ActiveCfg = Debug|Any CPU
		{9DB831BE-0E35-459D-AFA4-A14533E2A99A}.Debug|Any CPU.Build.0 = Debug|Any CPU
		{9DB831BE-0E35-459D-AFA4-A14533E2A99A}.Debug|x64.ActiveCfg = Debug|Any CPU
		{9DB831BE-0E35-459D-AFA4-A14533E2A99A}.Debug|x64.Build.0 = Debug|Any CPU
		{9DB831BE-0E35-459D-AFA4-A14533E2A99A}.Debug|x86.ActiveCfg = Debug|Any CPU
		{9DB831BE-0E35-459D-AFA4-A14533E2A99A}.Debug|x86.Build.0 = Debug|Any CPU
		{9DB831BE-0E35-459D-AFA4-A14533E2A99A}.Release|Any CPU.ActiveCfg = Release|Any CPU
		{9DB831BE-0E35-459D-AFA4-A14533E2A99A}.Release|Any CPU.Build.0 = Release|Any CPU
		{9DB831BE-0E35-459D-AFA4-A14533E2A99A}.Release|x64.ActiveCfg = Release|Any CPU
		{9DB831BE-0E35-459D-AFA4-A14533E2A99A}.Release|x64.Build.0 = Release|Any CPU
		{9DB831BE-0E35-459D-AFA4-A14533E2A99A}.Release|x86.ActiveCfg = Release|Any CPU
		{9DB831BE-0E35-459D-AFA4-A14533E2A99A}.Release|x86.Build.0 = Release|Any CPU
	EndGlobalSection
	GlobalSection(SolutionProperties) = preSolution
		HideSolutionNode = FALSE
	EndGlobalSection
EndGlobal
